{
  "lockfile_version": "1",
  "packages": {
    "elixir@latest": {
      "last_modified": "2024-12-27T03:08:00Z",
      "plugin_version": "0.0.1",
      "resolved": "github:NixOS/nixpkgs/7cc0bff31a3a705d3ac4fdceb030a17239412210#elixir",
      "source": "devbox-search",
      "version": "1.18.1",
      "systems": {
        "aarch64-darwin": {
          "outputs": [
            {
              "name": "out",
              "path": "/nix/store/hdd9x34p0gplcl1bramq80lqi76xrd87-elixir-1.18.1",
              "default": true
            }
          ],
          "store_path": "/nix/store/hdd9x34p0gplcl1bramq80lqi76xrd87-elixir-1.18.1"
        },
        "aarch64-linux": {
          "outputs": [
            {
              "name": "out",
              "path": "/nix/store/a4g29icpil9b1hsniqspz5k110h4df8v-elixir-1.18.1",
              "default": true
            }
          ],
          "store_path": "/nix/store/a4g29icpil9b1hsniqspz5k110h4df8v-elixir-1.18.1"
        },
        "x86_64-darwin": {
          "outputs": [
            {
              "name": "out",
              "path": "/nix/store/b3h6f36zd4gjivb76lvvs6a9bi1mq9q8-elixir-1.18.1",
              "default": true
            }
          ],
          "store_path": "/nix/store/b3h6f36zd4gjivb76lvvs6a9bi1mq9q8-elixir-1.18.1"
        },
        "x86_64-linux": {
          "outputs": [
            {
              "name": "out",
              "path": "/nix/store/3zd200bq28mv3pdbii7rijzmb0gmhhs3-elixir-1.18.1",
              "default": true
            }
          ],
          "store_path": "/nix/store/3zd200bq28mv3pdbii7rijzmb0gmhhs3-elixir-1.18.1"
        }
      }
    },
    "flyctl@latest": {
      "last_modified": "2026-01-23T17:20:52Z",
      "resolved": "github:NixOS/nixpkgs/a1bab9e494f5f4939442a57a58d0449a109593fe#flyctl",
      "source": "devbox-search",
      "version": "0.3.209",
      "systems": {
        "aarch64-darwin": {
          "outputs": [
            {
              "name": "out",
              "path": "/nix/store/ri06d625nqadify888fjpv3lbg04705w-flyctl-0.3.209",
              "default": true
            }
          ],
          "store_path": "/nix/store/ri06d625nqadify888fjpv3lbg04705w-flyctl-0.3.209"
        },
        "aarch64-linux": {
          "outputs": [
            {
              "name": "out",
              "path": "/nix/store/3nmq0gyrd5znhflq81c42gv1vwx56flk-flyctl-0.3.209",
              "default": true
            }
          ],
          "store_path": "/nix/store/3nmq0gyrd5znhflq81c42gv1vwx56flk-flyctl-0.3.209"
        },
        "x86_64-darwin": {
          "outputs": [
            {
              "name": "out",
              "path": "/nix/store/5rwl6vfcdqy8z49si3mma0hgnl4cp90l-flyctl-0.3.209",
              "default": true
            }
          ],
          "store_path": "/nix/store/5rwl6vfcdqy8z49si3mma0hgnl4cp90l-flyctl-0.3.209"
        },
        "x86_64-linux": {
          "outputs": [
            {
              "name": "out",
              "path": "/nix/store/ax09kx4s12yf74qz5zha86xjybj2r6r7-flyctl-0.3.209",
              "default": true
            }
          ],
          "store_path": "/nix/store/ax09kx4s12yf74qz5zha86xjybj2r6r7-flyctl-0.3.209"
        }
      }
    },
    "github:NixOS/nixpkgs/nixpkgs-unstable": {
      "last_modified": "2026-01-30T02:32:49Z",
      "resolved": "github:NixOS/nixpkgs/6308c3b21396534d8aaeac46179c14c439a89b8a?lastModified=1769740369&narHash=sha256-xKPyJoMoXfXpDM5DFDZDsi9PHArf2k5BJjvReYXoFpM%3D"
    },
    "inotify-tools@latest": {
      "last_modified": "2026-01-23T17:20:52Z",
      "resolved": "github:NixOS/nixpkgs/a1bab9e494f5f4939442a57a58d0449a109593fe#inotify-tools",
      "source": "devbox-search",
      "version": "4.25.9.0",
      "systems": {
        "aarch64-linux": {
          "outputs": [
            {
              "name": "out",
              "path": "/nix/store/jzm9i3b0jiri5pd7zyw0fwya8zlbprz9-inotify-tools-4.25.9.0",
              "default": true
            }
          ],
          "store_path": "/nix/store/jzm9i3b0jiri5pd7zyw0fwya8zlbprz9-inotify-tools-4.25.9.0"
        },
        "x86_64-linux": {
          "outputs": [
            {
              "name": "out",
              "path": "/nix/store/fb7bcmpn0v08b7mr28qss0p7bn9g2dh9-inotify-tools-4.25.9.0",
              "default": true
            }
          ],
          "store_path": "/nix/store/fb7bcmpn0v08b7mr28qss0p7bn9g2dh9-inotify-tools-4.25.9.0"
        }
      }
    }
  }
}
